{"1.2.0",
[{<<"gleam_beam">>,{pkg,<<"gleam_beam">>,<<"0.1.0">>},0},
 {<<"gleam_http">>,{pkg,<<"gleam_http">>,<<"1.7.0">>},0},
 {<<"gleam_httpc">>,{pkg,<<"gleam_httpc">>,<<"1.0.0">>},0},
 {<<"gleam_json">>,{pkg,<<"gleam_json">>,<<"0.1.0">>},0},
 {<<"gleam_stdlib">>,{pkg,<<"gleam_stdlib">>,<<"0.13.0">>},0},
 {<<"jsone">>,{pkg,<<"jsone">>,<<"1.5.2">>},1}]}.
[
{pkg_hash,[
 {<<"gleam_beam">>, <<"A0B11F71DD98321327C4F26CE9B9E5C40FE90ABACF9DD91ED7D16C5D3262CC2B">>},
 {<<"gleam_http">>, <<"EA3DAC4FFCAD0641986A43D5CF065C43CFA97149F41618833E8DAE3B9ACC01D3">>},
 {<<"gleam_httpc">>, <<"46918BCEA0D66D536AD57A9EB51EAE86205F2C965EDABF45A799CA103E855B9C">>},
 {<<"gleam_json">>, <<"8740EB85E079F38A15F2627D53C306491D90C43C423AAE56A4ABC371319CC346">>},
 {<<"gleam_stdlib">>, <<"604A40E0FBE6C688651A5AD5E892913ED314AB626D18D361A7FD8BF367907551">>},
 {<<"jsone">>, <<"87ADEA283C9CF24767B4DEED44602989A5331156DF5D60A2660E9C9114D54046">>}]},
{pkg_hash_ext,[
 {<<"gleam_beam">>, <<"4DEE5F5DBEC6C8C36FDF9069161B8846A8A1DB26F05EF1B373BA3C42C39AE4EE">>},
 {<<"gleam_http">>, <<"093CB3CDE4F21157E0D1EAE37C7156EAAE0D5E32A65D67ADCF914CBEB2AB0E17">>},
 {<<"gleam_httpc">>, <<"F4B27E6C18E73E4E3CC62F0C049C5B8C8A7D624989CE79820AF4E6C517EE4E83">>},
 {<<"gleam_json">>, <<"8C6F144BC4F2DDCB0347A84C4DEE134BD771A8A7C95C135A31D373D5EA95652B">>},
 {<<"gleam_stdlib">>, <<"35A005F4DACA2775687E46F4E20CEC799563A698A16F8BCC0CF281522AD717F1">>},
 {<<"jsone">>, <<"170C171CE7F6DD70C858065154A3305B8564833C6DCCA17E10B676CA31EA976F">>}]}
].
